{
  "lockfileVersion": 1,
  "workspaces": {
    "": {
      "name": "test",
      "dependencies": {
        "@tanstack/react-query": "^5.66.3",
        "react": "^19.0.0",
      },
      "devDependencies": {
        "@types/react": "^19.0.9",
      },
    },
  },
  "packages": {
    "@tanstack/query-core": ["@tanstack/query-core@5.66.3", "", {}, "sha512-+2iDxH7UFdtwcry766aJszGmbByQDIzTltJ3oQAZF9bhCxHCIN3yDwHa6qDCZxcpMGvUphCRx/RYJvLbM8mucQ=="],

    "@tanstack/react-query": ["@tanstack/react-query@5.66.3", "", { "dependencies": { "@tanstack/query-core": "5.66.3" }, "peerDependencies": { "react": "^18 || ^19" } }, "sha512-sWMvxZ5VugPDgD1CzP7f0s9yFvjcXP3FXO5IVV2ndXlYqUCwykU8U69Kk05Qn5UvGRqB/gtj4J7vcTC6vtLHtQ=="],

    "@types/react": ["@types/react@19.0.9", "", { "dependencies": { "csstype": "^3.0.2" } }, "sha512-FedNTYgmMwSZmD1Sru/W1gJKuiYCN/3SuBkmZkcxX+FpO5zL76B22A9YNfAKg4HQO3Neh/30AiynP6BELdU0qQ=="],

    "csstype": ["csstype@3.1.3", "", {}, "sha512-M1uQkMl8rQK/szD0LNhtqxIPLpimGm8sOBwU7lLnCpSbTyY3yeU1Vc7l4KT5zT4s/yOxHH5O7tIuuLOCnLADRw=="],

    "react": ["react@19.0.0", "", {}, "sha512-V8AVnmPIICiWpGfm6GLzCR/W5FXLchHop40W4nXBmdlEceh16rCN8O8LNWm5bh5XUX91fh7KpA+W0TgMKmgTpQ=="],
  }
}
